# THIS IS AN AUTOGENERATED FILE. DO NOT EDIT THIS FILE DIRECTLY.
# yarn lockfile v1


csv-parse@^7.0.0:
  version "7.0.1"
  resolved "https://registry.yarnpkg.com/csv-parse/-/csv-parse-7.0.1.tgz#77d0f216dc25af5e8006f3b7899526081dd81b07"
  integrity sha512-+2z7Ar0APQ7Uu6fX4cn+pitRmxjZ1WPBcGmZFKmA74FCyi7Et/XZx8cjNQ5CjbZ4HCOxXCOpRBYvYH08Qa003A==

luxon@^3.6.1:
  version "3.7.2"
  resolved "https://registry.yarnpkg.com/luxon/-/luxon-3.7.2.tgz#d697e48f478553cca187a0f8436aff468e3ba0ba"
  integrity sha512-vtEhXh/gNjI9Yg1u4jX/0YVPMvxzHuGgCm6tC5kZyb08yjGWGnqAjGJvcXbqQR2P3MyMEFnRbpcdFS6PBcLqew==
