# THIS IS AN AUTOGENERATED FILE. DO NOT EDIT THIS FILE DIRECTLY.
# yarn lockfile v1


csv-parse@^6.0.0:
  version "6.0.0"
  resolved "https://registry.yarnpkg.com/csv-parse/-/csv-parse-6.0.0.tgz#f1fccfa8339e178a99f38a69d8c70372f16a90dc"
  integrity sha512-6aB9WrymEruVDwQOwa5AuYk4/Gb+HaJgLHGKOA9BXTqgsIFvbdHzQzZOuqNCOooTGciPDaHzTlGkU5P6kYVUYw==

luxon@^3.6.1:
  version "3.7.1"
  resolved "https://registry.yarnpkg.com/luxon/-/luxon-3.7.1.tgz#9bd09aa84a56afb00c57ea78a8ec5bd16eb24ec0"
  integrity sha512-RkRWjA926cTvz5rAb1BqyWkKbbjzCGchDUIKMCUvNi17j6f6j8uHGDV82Aqcqtzd+icoYpELmG3ksgGiFNNcNg==
