# THIS IS AN AUTOGENERATED FILE. DO NOT EDIT THIS FILE DIRECTLY.
# yarn lockfile v1


"@electric-sql/pglite@0.5.8":
  version "0.5.8"
  resolved "https://registry.yarnpkg.com/@electric-sql/pglite/-/pglite-0.5.8.tgz#9b5b4a61a14d6cf96b3b4e2ea7f124f8d6fe68b3"
  integrity sha512-n9tsbUOhwx2epK1V0ZG9Ar4SHWUju04dhmzZXiSBXwBoleOvIfals33NAaWgagQVAL4Rbvx/Ptsu3P+pA09f6Q==

"@kristiandupont/recase@^1.2.1":
  version "1.4.1"
  resolved "https://registry.yarnpkg.com/@kristiandupont/recase/-/recase-1.4.1.tgz#4f06dd4dee7a678c29cc1baaeefda39479e07768"
  integrity sha512-e5t4YqhnRGbS9sU4N52cQgTn37qKwTsxDDcIuIkgPvX0UmnL+7eoOR6oFXeCib5zYuw03vYKpR55NBq+W43j1A==
  dependencies:
    ramda "^0.30.0"

ansi-styles@^4.1.0:
  version "4.3.0"
  resolved "https://registry.yarnpkg.com/ansi-styles/-/ansi-styles-4.3.0.tgz#edd803628ae71c04c85ae7a0906edad34b648937"
  integrity sha512-zbB9rCJAT1rbjiVDb2hqKFHNYLxgtk8NURxZ3IZwD3F6NtxbXZQCnnSi1Lkx+IDohdPlFp222wVALIheZJQSEg==
  dependencies:
    color-convert "^2.0.1"

chalk@4.1.2:
  version "4.1.2"
  resolved "https://registry.yarnpkg.com/chalk/-/chalk-4.1.2.tgz#aac4e2b7734a740867aeb16bf02aad556a1e7a01"
  integrity sha512-oKnbhFyRIXpUuez8iBMmyEa4nbj4IOQyuhc/wy9kY7/WVPcwIO9VA668Pu8RkO7+0G76SLROeyw9CpQ061i4mA==
  dependencies:
    ansi-styles "^4.1.0"
    supports-color "^7.1.0"

color-convert@^2.0.1:
  version "2.0.1"
  resolved "https://registry.yarnpkg.com/color-convert/-/color-convert-2.0.1.tgz#72d3a68d598c9bdb3af2ad1e84f21d896abd4de3"
  integrity sha512-RRECPsj7iu/xb5oKYcsFHSppFNnsj/52OVTRKb4zP5onXwVF3zVmmToNcOfGC+CRDpfK/U584fMg38ZHCaElKQ==
  dependencies:
    color-name "~1.1.4"

color-name@~1.1.4:
  version "1.1.4"
  resolved "https://registry.yarnpkg.com/color-name/-/color-name-1.1.4.tgz#c2a09a87acbde69543de6f63fa3995c826c536a2"
  integrity sha512-dOy+3AuW3a2wNbZHIuMZpTcgjGuLU/uBL/ubcZF9OXbDo8ff4O8yVp5Bf0efS8uEoYo5q4Fx7dY9OgQGXgAsQA==

colorette@2.0.19:
  version "2.0.19"
  resolved "https://registry.yarnpkg.com/colorette/-/colorette-2.0.19.tgz#cdf044f47ad41a0f4b56b3a0d5b4e6e1a2d5a798"
  integrity sha512-3tlv/dIP7FWvj3BsbHrGLJ6l/oKh1O3TcgBqMn+yyCagOxc23fyzDS6HypQbgxWbkpDnf52p1LuR4eWDQ/K9WQ==

commander@^10.0.0:
  version "10.0.1"
  resolved "https://registry.yarnpkg.com/commander/-/commander-10.0.1.tgz#881ee46b4f77d1c1dccc5823433aa39b022cbe06"
  integrity sha512-y4Mg2tXshplEbSGzx7amzPwKKOCGuoSRP/CjEdwwk0FOGlUbq6lKuoyDZTNZkmxHdJtp54hdfY/JUrdL7Xfdug==

debug@4.3.4:
  version "4.3.4"
  resolved "https://registry.yarnpkg.com/debug/-/debug-4.3.4.tgz#1319f6579357f2338d3337d2cdd4914bb5dcc865"
  integrity sha512-PRWFHuSU3eDtQJPvnNY7Jcket1j0t5OuOsFzPPzsekD52Zl8qUfFIPEiswXqIvHWGVHOgX+7G/vCNNhehwxfkQ==
  dependencies:
    ms "2.1.2"

deep-is@^0.1.3:
  version "0.1.4"
  resolved "https://registry.yarnpkg.com/deep-is/-/deep-is-0.1.4.tgz#a6f2dce612fadd2ef1f519b73551f17e85199831"
  integrity sha512-oIPzksmTg4/MriiaYGO+okXDT7ztn/w3Eptv/+gSIdMdKsJo0u4CfYNFJPy+4SKMuCqGw2wxnA+URMg3t8a/bQ==

es-errors@^1.3.0:
  version "1.3.0"
  resolved "https://registry.yarnpkg.com/es-errors/-/es-errors-1.3.0.tgz#05f75a25dab98e4fb1dcd5e1472c0546d5057c8f"
  integrity sha512-Zf5H2Kxt2xjTvbJvP2ZWLEICxA6j+hAmMzIlypy4xcBg1vKVnx89Wy0GbS+kf5cwCVFFzdCFh2XSCFNULS6csw==

escalade@^3.1.1:
  version "3.2.0"
  resolved "https://registry.yarnpkg.com/escalade/-/escalade-3.2.0.tgz#011a3f69856ba189dffa7dc8fcce99d2a87903e5"
  integrity sha512-WUj2qlxaQtO4g6Pq5c29GTcWGDyd8itL8zTlipgECz3JesAiiOKotd8JU6otB3PACgG6xkJUyVhboMS+bje/jA==

esm@^3.2.25:
  version "3.2.25"
  resolved "https://registry.yarnpkg.com/esm/-/esm-3.2.25.tgz#342c18c29d56157688ba5ce31f8431fbb795cc10"
  integrity sha512-U1suiZ2oDVWv4zPO56S0NcR5QriEahGtdN2OR6FiOG4WJvcjBVFB0qI4+eKoWFH483PKGuLuu6V8Z4T5g63UVA==

extract-pg-schema@^5.7.2:
  version "5.8.2"
  resolved "https://registry.yarnpkg.com/extract-pg-schema/-/extract-pg-schema-5.8.2.tgz#86bc3970068d4b087a48697270c59a03d650d05e"
  integrity sha512-UN07KsJh11BlC8K0ad7cEJ8nXwCFV1AoI0VHh+oLT8N5sQmoY43vpTwBSL46rnJBGc9pVkWYEopry/tk1Nvriw==
  dependencies:
    knex "3.1.0"
    knex-pglite "^0.12.0"
    pg "8.17.2"
    pg-query-emscripten "^5.1.0"
    ramda "^0.31.0"

fast-levenshtein@^2.0.6:
  version "2.0.6"
  resolved "https://registry.yarnpkg.com/fast-levenshtein/-/fast-levenshtein-2.0.6.tgz#3d8a5c66883a16a30ca8643e851f19baa7797917"
  integrity sha512-DCXu6Ifhqcks7TZKY3Hxp3y6qphY5SJZmrWMDrKcERSOXWQdMhU9Ig/PYrzyw/ul9jOIyh0N4M0tbC5hodg8dw==

function-bind@^1.1.2:
  version "1.1.2"
  resolved "https://registry.yarnpkg.com/function-bind/-/function-bind-1.1.2.tgz#2c02d864d97f3ea6c8830c464cbd11ab6eab7a1c"
  integrity sha512-7XHNxH7qX9xG5mIwxkhumTox/MIRNcOgDrxWsMt2pAr23WHp6MrRlN7FBSFpCpr+oVO0F744iUgR82nJMfG2SA==

get-package-type@^0.1.0:
  version "0.1.0"
  resolved "https://registry.yarnpkg.com/get-package-type/-/get-package-type-0.1.0.tgz#8de2d803cff44df3bc6c456e6668b36c3926e11a"
  integrity sha512-pjzuKtY64GYfWizNAJ0fr9VqttZkNiK2iS430LtIHzjBEr6bX8Am2zm4sW4Ro5wjWW5cAlRL1qAMTcXbjNAO2Q==

getopts@2.3.0:
  version "2.3.0"
  resolved "https://registry.yarnpkg.com/getopts/-/getopts-2.3.0.tgz#71e5593284807e03e2427449d4f6712a268666f4"
  integrity sha512-5eDf9fuSXwxBL6q5HX+dhDj+dslFGWzU5thZ9kNKUkcPtaPdatmUFKwHFrLb/uf/WpA4BHET+AX3Scl56cAjpA==

has-flag@^4.0.0:
  version "4.0.0"
  resolved "https://registry.yarnpkg.com/has-flag/-/has-flag-4.0.0.tgz#944771fd9c81c81265c4d6941860da06bb59479b"
  integrity sha512-EykJT/Q1KjTWctppgIAgfSO0tKVuZUjhgMr17kqTumMl6Afv3EISleU7qZUzoXDFTAHTDC4NOoG/ZxU3EvlMPQ==

hasown@^2.0.4:
  version "2.0.4"
  resolved "https://registry.yarnpkg.com/hasown/-/hasown-2.0.4.tgz#8c62d8cb90beb2aad5d0a5b67581ad9854c3f003"
  integrity sha512-T2UbfbBEF32wiepXIsMlTW9+dDYC6wMh/t/vYA4tuOMKqWz/n3vr1NFSxQiyP+zk2mXsoMA/i/7qV6LKut1t1A==
  dependencies:
    function-bind "^1.1.2"

interpret@^2.2.0:
  version "2.2.0"
  resolved "https://registry.yarnpkg.com/interpret/-/interpret-2.2.0.tgz#1a78a0b5965c40a5416d007ad6f50ad27c417df9"
  integrity sha512-Ju0Bz/cEia55xDwUWEa8+olFpCiQoypjnQySseKtmjNrnps3P+xfpUmGr90T7yjlVJmOtybRvPXhKMbHr+fWnw==

irregular-plurals@^3.2.0:
  version "3.5.0"
  resolved "https://registry.yarnpkg.com/irregular-plurals/-/irregular-plurals-3.5.0.tgz#0835e6639aa8425bdc8b0d33d0dc4e89d9c01d2b"
  integrity sha512-1ANGLZ+Nkv1ptFb2pa8oG8Lem4krflKuX/gINiHJHjJUKaJHk/SXk5x6K3J+39/p0h1RQ2saROclJJ+QLvETCQ==

is-core-module@^2.16.1:
  version "2.17.0"
  resolved "https://registry.yarnpkg.com/is-core-module/-/is-core-module-2.17.0.tgz#75c1c76236c9f7e38ddbfff292e127dc13b21027"
  integrity sha512-J/vG0zBCbIKOQFfufSwyXdMrsohyJIUNkrnmo6WZGzoM7tr/lsbfW5b2BvisL6zsyMzK9UxV9L6c7AoFbyXHOA==
  dependencies:
    hasown "^2.0.4"

knex-pglite@^0.12.0:
  version "0.12.1"
  resolved "https://registry.yarnpkg.com/knex-pglite/-/knex-pglite-0.12.1.tgz#fb3c2dec46ee96f3f7f30deecdefe8e84c43d592"
  integrity sha512-7aMZfDVt2f6MQEdT1ASP/rS8T2bQCIieFGxMry9AO1zEHduI1fwqsOa0D63z3qFzHHLcEGNfSCqOfoUFbXoxtg==

knex@3.1.0:
  version "3.1.0"
  resolved "https://registry.yarnpkg.com/knex/-/knex-3.1.0.tgz#b6ddd5b5ad26a6315234a5b09ec38dc4a370bd8c"
  integrity sha512-GLoII6hR0c4ti243gMs5/1Rb3B+AjwMOfjYm97pu0FOQa7JH56hgBxYf5WK2525ceSbBY1cjeZ9yk99GPMB6Kw==
  dependencies:
    colorette "2.0.19"
    commander "^10.0.0"
    debug "4.3.4"
    escalade "^3.1.1"
    esm "^3.2.25"
    get-package-type "^0.1.0"
    getopts "2.3.0"
    interpret "^2.2.0"
    lodash "^4.17.21"
    pg-connection-string "2.6.2"
    rechoir "^0.8.0"
    resolve-from "^5.0.0"
    tarn "^3.0.2"
    tildify "2.0.0"

levn@^0.4.1:
  version "0.4.1"
  resolved "https://registry.yarnpkg.com/levn/-/levn-0.4.1.tgz#ae4562c007473b932a6200d403268dd2fffc6ade"
  integrity sha512-+bT2uH4E5LGE7h/n3evcS/sQlJXCpIp6ym8OWJ5eV6+67Dsql/LaaT7qJBAt2rzfoa/5QBGBhxDix1dMt2kQKQ==
  dependencies:
    prelude-ls "^1.2.1"
    type-check "~0.4.0"

lodash@^4.17.21:
  version "4.18.1"
  resolved "https://registry.yarnpkg.com/lodash/-/lodash-4.18.1.tgz#ff2b66c1f6326d59513de2407bf881439812771c"
  integrity sha512-dMInicTPVE8d1e5otfwmmjlxkZoUpiVLwyeTdUsi/Caj/gfzzblBcCE5sRHV/AsjuCmxWrte2TNGSYuCeCq+0Q==

ms@2.1.2:
  version "2.1.2"
  resolved "https://registry.yarnpkg.com/ms/-/ms-2.1.2.tgz#d09d1f357b443f493382a8eb3ccd183872ae6009"
  integrity sha512-sGkPx+VjMtmA6MX27oA4FBFELFCZZ4S4XqeGOXCv68tT+jb3vk/RyaKWP0PTKyWtmLSM0b+adUTEvbs1PEaH2w==

optionator@^0.9.1:
  version "0.9.4"
  resolved "https://registry.yarnpkg.com/optionator/-/optionator-0.9.4.tgz#7ea1c1a5d91d764fb282139c88fe11e182a3a734"
  integrity sha512-6IpQ7mKUxRcZNLIObR0hz7lxsapSSIYNZJwXPGeF0mTVqGKFIXj1DQcMoT22S3ROcLyY/rz0PWaWZ9ayWmad9g==
  dependencies:
    deep-is "^0.1.3"
    fast-levenshtein "^2.0.6"
    levn "^0.4.1"
    prelude-ls "^1.2.1"
    type-check "^0.4.0"
    word-wrap "^1.2.5"

path-parse@^1.0.7:
  version "1.0.7"
  resolved "https://registry.yarnpkg.com/path-parse/-/path-parse-1.0.7.tgz#fbc114b60ca42b30d9daf5858e4bd68bbedb6735"
  integrity sha512-LDJzPVEEEPR+y48z93A0Ed0yXb8pAByGWo/k5YYdYgpY2/2EsOsksJrq7lOHxryrVOn1ejG6oAp8ahvOIQD8sw==

pg-cloudflare@^1.3.0, pg-cloudflare@^1.4.0:
  version "1.4.0"
  resolved "https://registry.yarnpkg.com/pg-cloudflare/-/pg-cloudflare-1.4.0.tgz#4b4c20e6d8ae531d400730f4804571a8d62f1497"
  integrity sha512-Vo7z/6rrQYxpNRylp4Tlob2elzbh+N/MOQbxFVWCxS7oEx6jF53GTJFxK2WWpKuBRkmiin4Mt+xofFDjx09R0A==

pg-connection-string@2.6.2:
  version "2.6.2"
  resolved "https://registry.yarnpkg.com/pg-connection-string/-/pg-connection-string-2.6.2.tgz#713d82053de4e2bd166fab70cd4f26ad36aab475"
  integrity sha512-ch6OwaeaPYcova4kKZ15sbJ2hKb/VP48ZD2gE7i1J+L4MspCtBMAx8nMgz7bksc7IojCIIWuEhHibSMFH8m8oA==

pg-connection-string@^2.10.1, pg-connection-string@^2.14.0:
  version "2.14.0"
  resolved "https://registry.yarnpkg.com/pg-connection-string/-/pg-connection-string-2.14.0.tgz#abc26ee4f37c56c0f3ae0fcf0b0653cc4e1c0fd9"
  integrity sha512-XwWDGcLRGCXAR8F/AM5bG7Q+A3Wm2s6QeEjlOKZLlH3UYcguiqCWKyWXVag5TLTIjR7oOJUY8kcADaZgWPyLeg==

pg-int8@1.0.1:
  version "1.0.1"
  resolved "https://registry.yarnpkg.com/pg-int8/-/pg-int8-1.0.1.tgz#943bd463bf5b71b4170115f80f8efc9a0c0eb78c"
  integrity sha512-WCtabS6t3c8SkpDBUlb1kjOs7l66xsGdKpIPZsg4wR+B3+u9UAum2odSsF9tnvxg80h4ZxLWMy4pRjOsFIqQpw==

pg-pool@^3.11.0, pg-pool@^3.14.0:
  version "3.14.0"
  resolved "https://registry.yarnpkg.com/pg-pool/-/pg-pool-3.14.0.tgz#f35ae4eb846780cad71af24099b3edfa9781ad90"
  integrity sha512-gKtPkFdQPU3DksooVLi9LsjZxrsBUZIpa+7aVx+LV5pNh0KzP4Zleud2po+ConrxbuXGBJ6Hfer6hdgpIBpBaw==

pg-protocol@^1.11.0, pg-protocol@^1.16.0:
  version "1.16.0"
  resolved "https://registry.yarnpkg.com/pg-protocol/-/pg-protocol-1.16.0.tgz#cffb008826561ee9770a8a15dc21f269d731b305"
  integrity sha512-sILXutLVjCLjcDuOmvhX5e2Z4cS5qG/6Bu3VkpFwdf/633ElGLpEh9bgmuI5I4sqKqkifQiGyiCcx1HdtrK7tg==

pg-query-emscripten@^5.1.0:
  version "5.1.0"
  resolved "https://registry.yarnpkg.com/pg-query-emscripten/-/pg-query-emscripten-5.1.0.tgz#b432b8fc0ffde16793db38291bc575c73a7a3f97"
  integrity sha512-H1ZWOzLRddmHuE4GZqFjjo55hA9zMiePz/WDDGANA/EnvILCJps9pcRucyGd+MFvapeYOy6TWSYz6DbtBOaxRQ==

pg-types@2.2.0:
  version "2.2.0"
  resolved "https://registry.yarnpkg.com/pg-types/-/pg-types-2.2.0.tgz#2d0250d636454f7cfa3b6ae0382fdfa8063254a3"
  integrity sha512-qTAAlrEsl8s4OiEQY69wDvcMIdQN6wdz5ojQiOy6YRMuynxenON0O5oCpJI6lshc6scgAY8qvJ2On/p+CXY0GA==
  dependencies:
    pg-int8 "1.0.1"
    postgres-array "~2.0.0"
    postgres-bytea "~1.0.0"
    postgres-date "~1.0.4"
    postgres-interval "^1.1.0"

pg@8.17.2:
  version "8.17.2"
  resolved "https://registry.yarnpkg.com/pg/-/pg-8.17.2.tgz#8df8c039c36bb97016be276094fc4991e8683963"
  integrity sha512-vjbKdiBJRqzcYw1fNU5KuHyYvdJ1qpcQg1CeBrHFqV1pWgHeVR6j/+kX0E1AAXfyuLUGY1ICrN2ELKA/z2HWzw==
  dependencies:
    pg-connection-string "^2.10.1"
    pg-pool "^3.11.0"
    pg-protocol "^1.11.0"
    pg-types "2.2.0"
    pgpass "1.0.5"
  optionalDependencies:
    pg-cloudflare "^1.3.0"

pg@^8.3.3:
  version "8.23.0"
  resolved "https://registry.yarnpkg.com/pg/-/pg-8.23.0.tgz#5c2026d32bd0cb4fbd9196bac1ecf5ae66607180"
  integrity sha512-Ip2EQCngowJLGOfCwkFhPXU7/ljlhn6Rxlmy4XYfL2Y+vyRM59+8uR2xqRWKdYmbXmxCFOAmKxBuSUCdF34qLg==
  dependencies:
    pg-connection-string "^2.14.0"
    pg-pool "^3.14.0"
    pg-protocol "^1.16.0"
    pg-types "2.2.0"
    pgpass "1.0.5"
  optionalDependencies:
    pg-cloudflare "^1.4.0"

pgpass@1.0.5:
  version "1.0.5"
  resolved "https://registry.yarnpkg.com/pgpass/-/pgpass-1.0.5.tgz#9b873e4a564bb10fa7a7dbd55312728d422a223d"
  integrity sha512-FdW9r/jQZhSeohs1Z3sI1yxFQNFvMcnmfuj4WBMUTxOrAyLMaTcE1aAMBiTlbMNaXvBCQuVi0R7hd8udDSP7ug==
  dependencies:
    split2 "^4.1.0"

postgres-array@~2.0.0:
  version "2.0.0"
  resolved "https://registry.yarnpkg.com/postgres-array/-/postgres-array-2.0.0.tgz#48f8fce054fbc69671999329b8834b772652d82e"
  integrity sha512-VpZrUqU5A69eQyW2c5CA1jtLecCsN2U/bD6VilrFDWq5+5UIEVO7nazS3TEcHf1zuPYO/sqGvUvW62g86RXZuA==

postgres-bytea@~1.0.0:
  version "1.0.1"
  resolved "https://registry.yarnpkg.com/postgres-bytea/-/postgres-bytea-1.0.1.tgz#c40b3da0222c500ff1e51c5d7014b60b79697c7a"
  integrity sha512-5+5HqXnsZPE65IJZSMkZtURARZelel2oXUEO8rH83VS/hxH5vv1uHquPg5wZs8yMAfdv971IU+kcPUczi7NVBQ==

postgres-date@~1.0.4:
  version "1.0.7"
  resolved "https://registry.yarnpkg.com/postgres-date/-/postgres-date-1.0.7.tgz#51bc086006005e5061c591cee727f2531bf641a8"
  integrity sha512-suDmjLVQg78nMK2UZ454hAG+OAW+HQPZ6n++TNDUX+L0+uUlLywnoxJKDou51Zm+zTCjrCl0Nq6J9C5hP9vK/Q==

postgres-interval@^1.1.0:
  version "1.2.0"
  resolved "https://registry.yarnpkg.com/postgres-interval/-/postgres-interval-1.2.0.tgz#b460c82cb1587507788819a06aa0fffdb3544695"
  integrity sha512-9ZhXKM/rw350N1ovuWHbGxnGh/SNJ4cnxHiM0rxE4VN41wsg8P8zWn9hv/buK00RP4WvlOyr/RBDiptyxVbkZQ==
  dependencies:
    xtend "^4.0.0"

prelude-ls@^1.2.1:
  version "1.2.1"
  resolved "https://registry.yarnpkg.com/prelude-ls/-/prelude-ls-1.2.1.tgz#debc6489d7a6e6b0e7611888cec880337d316396"
  integrity sha512-vkcDPrRZo1QZLbn5RLGPpg/WmIQ65qoWWhcGKf/b5eplkkarX0m9z8ppCat4mlOqUsWpyNuYgO3VRyrYHSzX5g==

ramda@^0.30.0:
  version "0.30.1"
  resolved "https://registry.yarnpkg.com/ramda/-/ramda-0.30.1.tgz#7108ac95673062b060025052cd5143ae8fc605bf"
  integrity sha512-tEF5I22zJnuclswcZMc8bDIrwRHRzf+NqVEmqg50ShAZMP7MWeR/RGDthfM/p+BlqvF2fXAzpn8i+SJcYD3alw==

ramda@^0.31.0:
  version "0.31.3"
  resolved "https://registry.yarnpkg.com/ramda/-/ramda-0.31.3.tgz#0f54199ec99a7bd6702277d28d6bf7f93b916bb9"
  integrity sha512-xKADKRNnqmDdX59PPKLm3gGmk1ZgNnj3k7DryqWwkamp4TJ6B36DdpyKEQ0EoEYmH2R62bV4Q+S0ym2z8N2f3Q==

rechoir@^0.8.0:
  version "0.8.0"
  resolved "https://registry.yarnpkg.com/rechoir/-/rechoir-0.8.0.tgz#49f866e0d32146142da3ad8f0eff352b3215ff22"
  integrity sha512-/vxpCXddiX8NGfGO/mTafwjq4aFa/71pvamip0++IQk3zG8cbCj0fifNPrjjF1XMXUne91jL9OoxmdykoEtifQ==
  dependencies:
    resolve "^1.20.0"

resolve-from@^5.0.0:
  version "5.0.0"
  resolved "https://registry.yarnpkg.com/resolve-from/-/resolve-from-5.0.0.tgz#c35225843df8f776df21c57557bc087e9dfdfc69"
  integrity sha512-qYg9KP24dD5qka9J47d0aVky0N+b4fTU89LN9iDnjB5waksiC49rvMB0PrUJQGoTmH50XPiqOvAjDfaijGxYZw==

resolve@^1.20.0:
  version "1.22.12"
  resolved "https://registry.yarnpkg.com/resolve/-/resolve-1.22.12.tgz#f5b2a680897c69c238a13cd16b15671f8b73549f"
  integrity sha512-TyeJ1zif53BPfHootBGwPRYT1RUt6oGWsaQr8UyZW/eAm9bKoijtvruSDEmZHm92CwS9nj7/fWttqPCgzep8CA==
  dependencies:
    es-errors "^1.3.0"
    is-core-module "^2.16.1"
    path-parse "^1.0.7"
    supports-preserve-symlinks-flag "^1.0.0"

schemalint@2.3.2:
  version "2.3.2"
  resolved "https://registry.yarnpkg.com/schemalint/-/schemalint-2.3.2.tgz#5eef7ad9cb1845956f74be7a444509496074aca7"
  integrity sha512-jaIl/ulSRWEhKPmMiuRHCoodAGxkIGSz3ZmqMt67UTJ4lwqx3r8ywkKjkzm6JMwIquKjIIhL9ro1r3H+WMNgXQ==
  dependencies:
    "@kristiandupont/recase" "^1.2.1"
    chalk "4.1.2"
    extract-pg-schema "^5.7.2"
    irregular-plurals "^3.2.0"
    optionator "^0.9.1"
    pg "^8.3.3"
    ramda "^0.31.0"

split2@^4.1.0:
  version "4.2.0"
  resolved "https://registry.yarnpkg.com/split2/-/split2-4.2.0.tgz#c9c5920904d148bab0b9f67145f245a86aadbfa4"
  integrity sha512-UcjcJOWknrNkF6PLX83qcHM6KHgVKNkV62Y8a5uYDVv9ydGQVwAHMKqHdJje1VTWpljG0WYpCDhrCdAOYH4TWg==

supports-color@^7.1.0:
  version "7.2.0"
  resolved "https://registry.yarnpkg.com/supports-color/-/supports-color-7.2.0.tgz#1b7dcdcb32b8138801b3e478ba6a51caa89648da"
  integrity sha512-qpCAvRl9stuOHveKsn7HncJRvv501qIacKzQlO/+Lwxc9+0q2wLyv4Dfvt80/DPn2pqOBsJdDiogXGR9+OvwRw==
  dependencies:
    has-flag "^4.0.0"

supports-preserve-symlinks-flag@^1.0.0:
  version "1.0.0"
  resolved "https://registry.yarnpkg.com/supports-preserve-symlinks-flag/-/supports-preserve-symlinks-flag-1.0.0.tgz#6eda4bd344a3c94aea376d4cc31bc77311039e09"
  integrity sha512-ot0WnXS9fgdkgIcePe6RHNk1WA8+muPa6cSjeR3V8K27q9BB1rTE3R1p7Hv0z1ZyAc8s6Vvv8DIyWf681MAt0w==

tarn@^3.0.2:
  version "3.1.2"
  resolved "https://registry.yarnpkg.com/tarn/-/tarn-3.1.2.tgz#d2922d34a232c8b027605f3873a9c55318ce4f34"
  integrity sha512-3RTvqKZcK/17jnJ8rMKFXbyNogywTs1z0gVPPwFsJGX46rkmUHOdIaSQ/aVO1rS7nH+soiXiWk7rvUXxndm8Dg==

tildify@2.0.0:
  version "2.0.0"
  resolved "https://registry.yarnpkg.com/tildify/-/tildify-2.0.0.tgz#f205f3674d677ce698b7067a99e949ce03b4754a"
  integrity sha512-Cc+OraorugtXNfs50hU9KS369rFXCfgGLpfCfvlc+Ud5u6VWmUQsOAa9HbTvheQdYnrdJqqv1e5oIqXppMYnSw==

type-check@^0.4.0, type-check@~0.4.0:
  version "0.4.0"
  resolved "https://registry.yarnpkg.com/type-check/-/type-check-0.4.0.tgz#07b8203bfa7056c0657050e3ccd2c37730bab8f1"
  integrity sha512-XleUoc9uwGXqjWwXaUTZAmzMcFZ5858QA2vvx1Ur5xIcixXIP+8LnFDgRplU30us6teqdlskFfu+ae4K79Ooew==
  dependencies:
    prelude-ls "^1.2.1"

word-wrap@^1.2.5:
  version "1.2.5"
  resolved "https://registry.yarnpkg.com/word-wrap/-/word-wrap-1.2.5.tgz#d2c45c6dd4fbce621a66f136cbe328afd0410b34"
  integrity sha512-BN22B5eaMMI9UMtjrGd5g5eCYPpCPDUy0FJXbYsaT5zYxjFOckS53SQDE3pWkVoWpHXVb3BrYcEN4Twa55B5cA==

xtend@^4.0.0:
  version "4.0.2"
  resolved "https://registry.yarnpkg.com/xtend/-/xtend-4.0.2.tgz#bb72779f5fa465186b1f438f674fa347fdb5db54"
  integrity sha512-LKYU1iAXJXUgAXn9URjiu+MWhyUXHsvfp7mcuYm9dSUKK0/CjtrUwFAxD82/mCWbtLsGjFIad0wIsod4zrTAEQ==
